
Microsoft Visual Studio Solution File, Format Version 12.00
# Visual Studio 14
VisualStudioVersion = 14.0.23107.0
MinimumVisualStudioVersion = 10.0.40219.1
Project("{FAE04EC0-301F-11D3-BF4B-00C04F79EFBC}") = "GameSuite.Games", "GameSuite.Games\GameSuite.Games.csproj", "{FB45420F-CC6F-4840-B513-5AE8E4BBA6B2}"
EndProject
Project("{FAE04EC0-301F-11D3-BF4B-00C04F79EFBC}") = "GameSuite.GamesTests", "GameSuite.GamesTests\GameSuite.GamesTests.csproj", "{0ABD26F6-BDA2-40F9-AF79-8CF1F6617F95}"
EndProject
Project("{2150E333-8FDC-42A3-9474-1A3956D46DE8}") = "Solution Items", "Solution Items", "{043707E5-FAA3-45A1-B91F-02CB2F0CCB5B}"
	ProjectSection(SolutionItems) = preProject
		LICENSE.txt = LICENSE.txt
		README.md = README.md
	EndProjectSection
EndProject
Global
	GlobalSection(SolutionConfigurationPlatforms) = preSolution
		Debug|Any CPU = Debug|Any CPU
		Release|Any CPU = Release|Any CPU
	EndGlobalSection
	GlobalSection(ProjectConfigurationPlatforms) = postSolution
		{FB45420F-CC6F-4840-B513-5AE8E4BBA6B2}.Debug|Any CPU.ActiveCfg = Debug|Any CPU
		{FB45420F-CC6F-4840-B513-5AE8E4BBA6B2}.Debug|Any CPU.Build.0 = Debug|Any CPU
		{FB45420F-CC6F-4840-B513-5AE8E4BBA6B2}.Release|Any CPU.ActiveCfg = Release|Any CPU
		{FB45420F-CC6F-4840-B513-5AE8E4BBA6B2}.Release|Any CPU.Build.0 = Release|Any CPU
		{0ABD26F6-BDA2-40F9-AF79-8CF1F6617F95}.Debug|Any CPU.ActiveCfg = Debug|Any CPU
		{0ABD26F6-BDA2-40F9-AF79-8CF1F6617F95}.Debug|Any CPU.Build.0 = Debug|Any CPU
		{0ABD26F6-BDA2-40F9-AF79-8CF1F6617F95}.Release|Any CPU.ActiveCfg = Release|Any CPU
		{0ABD26F6-BDA2-40F9-AF79-8CF1F6617F95}.Release|Any CPU.Build.0 = Release|Any CPU
	EndGlobalSection
	GlobalSection(SolutionProperties) = preSolution
		HideSolutionNode = FALSE
	EndGlobalSection
EndGlobal
